
Microsoft Visual Studio Solution File, Format Version 12.00
# Visual Studio Version 16
VisualStudioVersion = 16.0.30320.27
MinimumVisualStudioVersion = 10.0.40219.1
Project("{FAE04EC0-301F-11D3-BF4B-00C04F79EFBC}") = "blogNenakhov", "blogNenakhov\blogNenakhov.csproj", "{6EC40C39-D006-4DF1-B35D-97F4142E5975}"
EndProject
Global
	GlobalSection(SolutionConfigurationPlatforms) = preSolution
		Debug|Any CPU = Debug|Any CPU
		Release|Any CPU = Release|Any CPU
	EndGlobalSection
	GlobalSection(ProjectConfigurationPlatforms) = postSolution
		{6EC40C39-D006-4DF1-B35D-97F4142E5975}.Debug|Any CPU.ActiveCfg = Debug|Any CPU
		{6EC40C39-D006-4DF1-B35D-97F4142E5975}.Debug|Any CPU.Build.0 = Debug|Any CPU
		{6EC40C39-D006-4DF1-B35D-97F4142E5975}.Release|Any CPU.ActiveCfg = Release|Any CPU
		{6EC40C39-D006-4DF1-B35D-97F4142E5975}.Release|Any CPU.Build.0 = Release|Any CPU
	EndGlobalSection
	GlobalSection(SolutionProperties) = preSolution
		HideSolutionNode = FALSE
	EndGlobalSection
	GlobalSection(ExtensibilityGlobals) = postSolution
		SolutionGuid = {58BF86D6-4523-47C1-8852-217D09984478}
	EndGlobalSection
EndGlobal
